dependencies:
  espressif/esp-nn:
    component_hash: f6f2851ce82137a66e4265071c9b852bbe0130b882a18dea9f03faea7bf1295a
    source:
      service_url: https://api.components.espressif.com/
      type: service
    version: 1.1.0
  idf:
    component_hash: null
    source:
      type: idf
    version: 5.4.0
manifest_hash: 9fbc82b4d26d714ae67e8ed2103405e03969eda639b2c1fd08db12c0195f223d
target: esp32s3
version: 1.0.0
