dependencies:
  bblanchon/arduinojson:
    component_hash: 7ffbe0d932aad0015a6b8586794ec197b1765c3d8af74b72af6055492946a6b0
    source:
      service_url: https://api.components.espressif.com/
      type: service
    version: 7.0.4
  espressif/esp-nn:
    component_hash: b32869798bdb40dec6bc99caca48cd65d42f8a9f506b9ab9c598a076f891ede9
    source:
      pre_release: true
      service_url: https://api.components.espressif.com/
      type: service
    version: 1.0.2
  idf:
    component_hash: null
    source:
      type: idf
    version: 5.3.1
manifest_hash: 6995555b9b41e897235448c868ca92c0c3401fd2ff90df084be9bb8629958f2c
target: esp32s3
version: 1.0.0
